
Microsoft Visual Studio Solution File, Format Version 12.00
# Visual Studio 15
VisualStudioVersion = 15.0.28307.539
MinimumVisualStudioVersion = 10.0.40219.1
Project("{8BC9CEB8-8B4A-11D0-8D11-00A0C91BC942}") = "My_Duilib_project", "My_Duilib_project\My_Duilib_project.vcxproj", "{5A1529D6-761F-4772-B181-89AC8AC733BB}"
EndProject
Project("{8BC9CEB8-8B4A-11D0-8D11-00A0C91BC942}") = "DuiLib", "DuiLib\DuiLib.vcxproj", "{E106ACD7-4E53-4AEE-942B-D0DD426DB34E}"
EndProject
Global
	GlobalSection(SolutionConfigurationPlatforms) = preSolution
		Debug|x64 = Debug|x64
		Debug|x86 = Debug|x86
		Release|x64 = Release|x64
		Release|x86 = Release|x86
		UnicodeDebug|x64 = UnicodeDebug|x64
		UnicodeDebug|x86 = UnicodeDebug|x86
		UnicodeRelease|x64 = UnicodeRelease|x64
		UnicodeRelease|x86 = UnicodeRelease|x86
	EndGlobalSection
	GlobalSection(ProjectConfigurationPlatforms) = postSolution
		{5A1529D6-761F-4772-B181-89AC8AC733BB}.Debug|x64.ActiveCfg = Debug|x64
		{5A1529D6-761F-4772-B181-89AC8AC733BB}.Debug|x64.Build.0 = Debug|x64
		{5A1529D6-761F-4772-B181-89AC8AC733BB}.Debug|x86.ActiveCfg = Debug|Win32
		{5A1529D6-761F-4772-B181-89AC8AC733BB}.Debug|x86.Build.0 = Debug|Win32
		{5A1529D6-761F-4772-B181-89AC8AC733BB}.Release|x64.ActiveCfg = Release|x64
		{5A1529D6-761F-4772-B181-89AC8AC733BB}.Release|x64.Build.0 = Release|x64
		{5A1529D6-761F-4772-B181-89AC8AC733BB}.Release|x86.ActiveCfg = Release|Win32
		{5A1529D6-761F-4772-B181-89AC8AC733BB}.Release|x86.Build.0 = Release|Win32
		{5A1529D6-761F-4772-B181-89AC8AC733BB}.UnicodeDebug|x64.ActiveCfg = Debug|x64
		{5A1529D6-761F-4772-B181-89AC8AC733BB}.UnicodeDebug|x64.Build.0 = Debug|x64
		{5A1529D6-761F-4772-B181-89AC8AC733BB}.UnicodeDebug|x86.ActiveCfg = Debug|Win32
		{5A1529D6-761F-4772-B181-89AC8AC733BB}.UnicodeDebug|x86.Build.0 = Debug|Win32
		{5A1529D6-761F-4772-B181-89AC8AC733BB}.UnicodeRelease|x64.ActiveCfg = Release|x64
		{5A1529D6-761F-4772-B181-89AC8AC733BB}.UnicodeRelease|x64.Build.0 = Release|x64
		{5A1529D6-761F-4772-B181-89AC8AC733BB}.UnicodeRelease|x86.ActiveCfg = Release|Win32
		{5A1529D6-761F-4772-B181-89AC8AC733BB}.UnicodeRelease|x86.Build.0 = Release|Win32
		{E106ACD7-4E53-4AEE-942B-D0DD426DB34E}.Debug|x64.ActiveCfg = Debug|Win32
		{E106ACD7-4E53-4AEE-942B-D0DD426DB34E}.Debug|x86.ActiveCfg = Debug|Win32
		{E106ACD7-4E53-4AEE-942B-D0DD426DB34E}.Debug|x86.Build.0 = Debug|Win32
		{E106ACD7-4E53-4AEE-942B-D0DD426DB34E}.Release|x64.ActiveCfg = Release|Win32
		{E106ACD7-4E53-4AEE-942B-D0DD426DB34E}.Release|x86.ActiveCfg = Release|Win32
		{E106ACD7-4E53-4AEE-942B-D0DD426DB34E}.Release|x86.Build.0 = Release|Win32
		{E106ACD7-4E53-4AEE-942B-D0DD426DB34E}.UnicodeDebug|x64.ActiveCfg = UnicodeDebug|Win32
		{E106ACD7-4E53-4AEE-942B-D0DD426DB34E}.UnicodeDebug|x86.ActiveCfg = UnicodeDebug|Win32
		{E106ACD7-4E53-4AEE-942B-D0DD426DB34E}.UnicodeDebug|x86.Build.0 = UnicodeDebug|Win32
		{E106ACD7-4E53-4AEE-942B-D0DD426DB34E}.UnicodeRelease|x64.ActiveCfg = UnicodeRelease|Win32
		{E106ACD7-4E53-4AEE-942B-D0DD426DB34E}.UnicodeRelease|x86.ActiveCfg = UnicodeRelease|Win32
		{E106ACD7-4E53-4AEE-942B-D0DD426DB34E}.UnicodeRelease|x86.Build.0 = UnicodeRelease|Win32
	EndGlobalSection
	GlobalSection(SolutionProperties) = preSolution
		HideSolutionNode = FALSE
	EndGlobalSection
	GlobalSection(ExtensibilityGlobals) = postSolution
		SolutionGuid = {FD780428-A60D-4BE6-8694-9B41EB179360}
	EndGlobalSection
EndGlobal
